
Microsoft Visual Studio Solution File, Format Version 12.00
# Visual Studio 2012
Project("{F184B08F-C81C-45F6-A57F-5ABD9991F28F}") = "QLTV", "QLTV\QLTV.vbproj", "{C497EA14-8463-4A1D-B7EB-396408902534}"
EndProject
Project("{F184B08F-C81C-45F6-A57F-5ABD9991F28F}") = "WindowsApplication1", "WindowsApplication1\WindowsApplication1.vbproj", "{3691974E-51CB-4D6B-A039-9D92AB2B3617}"
EndProject
Global
	GlobalSection(SolutionConfigurationPlatforms) = preSolution
		Debug|Any CPU = Debug|Any CPU
		Release|Any CPU = Release|Any CPU
	EndGlobalSection
	GlobalSection(ProjectConfigurationPlatforms) = postSolution
		{C497EA14-8463-4A1D-B7EB-396408902534}.Debug|Any CPU.ActiveCfg = Debug|Any CPU
		{C497EA14-8463-4A1D-B7EB-396408902534}.Debug|Any CPU.Build.0 = Debug|Any CPU
		{C497EA14-8463-4A1D-B7EB-396408902534}.Release|Any CPU.ActiveCfg = Release|Any CPU
		{C497EA14-8463-4A1D-B7EB-396408902534}.Release|Any CPU.Build.0 = Release|Any CPU
		{3691974E-51CB-4D6B-A039-9D92AB2B3617}.Debug|Any CPU.ActiveCfg = Debug|Any CPU
		{3691974E-51CB-4D6B-A039-9D92AB2B3617}.Debug|Any CPU.Build.0 = Debug|Any CPU
		{3691974E-51CB-4D6B-A039-9D92AB2B3617}.Release|Any CPU.ActiveCfg = Release|Any CPU
		{3691974E-51CB-4D6B-A039-9D92AB2B3617}.Release|Any CPU.Build.0 = Release|Any CPU
	EndGlobalSection
	GlobalSection(SolutionProperties) = preSolution
		HideSolutionNode = FALSE
	EndGlobalSection
EndGlobal
